
Microsoft Visual Studio Solution File, Format Version 12.00
Project("{FAE04EC0-301F-11D3-BF4B-00C04F79EFBC}") = "AdvancedStructureSkins", "AdvancedStructureSkins\AdvancedStructureSkins.csproj", "{B10F24BB-C3F3-4EA1-B160-B6C90C88BBF8}"
EndProject
Project("{FAE04EC0-301F-11D3-BF4B-00C04F79EFBC}") = "AdvancedStructureSkins.Shared", "AdvancedStructureSkins.Shared\AdvancedStructureSkins.Shared.csproj", "{70C17434-DB0B-4019-8F10-CD8A32E06559}"
EndProject
Project("{FAE04EC0-301F-11D3-BF4B-00C04F79EFBC}") = "AdvancedStructureSkins.Shiftstones", "AdvancedStructureSkins.Shiftstones\AdvancedStructureSkins.Shiftstones.csproj", "{4D3C0B00-F5BD-4D05-ABB6-77723EED8B8E}"
EndProject
Global
	GlobalSection(SolutionConfigurationPlatforms) = preSolution
		Debug|Any CPU = Debug|Any CPU
		Release|Any CPU = Release|Any CPU
	EndGlobalSection
	GlobalSection(ProjectConfigurationPlatforms) = postSolution
		{B10F24BB-C3F3-4EA1-B160-B6C90C88BBF8}.Debug|Any CPU.ActiveCfg = Debug|Any CPU
		{B10F24BB-C3F3-4EA1-B160-B6C90C88BBF8}.Debug|Any CPU.Build.0 = Debug|Any CPU
		{B10F24BB-C3F3-4EA1-B160-B6C90C88BBF8}.Release|Any CPU.ActiveCfg = Release|Any CPU
		{B10F24BB-C3F3-4EA1-B160-B6C90C88BBF8}.Release|Any CPU.Build.0 = Release|Any CPU
		{70C17434-DB0B-4019-8F10-CD8A32E06559}.Debug|Any CPU.ActiveCfg = Debug|Any CPU
		{70C17434-DB0B-4019-8F10-CD8A32E06559}.Debug|Any CPU.Build.0 = Debug|Any CPU
		{70C17434-DB0B-4019-8F10-CD8A32E06559}.Release|Any CPU.ActiveCfg = Release|Any CPU
		{70C17434-DB0B-4019-8F10-CD8A32E06559}.Release|Any CPU.Build.0 = Release|Any CPU
		{4D3C0B00-F5BD-4D05-ABB6-77723EED8B8E}.Debug|Any CPU.ActiveCfg = Debug|Any CPU
		{4D3C0B00-F5BD-4D05-ABB6-77723EED8B8E}.Debug|Any CPU.Build.0 = Debug|Any CPU
		{4D3C0B00-F5BD-4D05-ABB6-77723EED8B8E}.Release|Any CPU.ActiveCfg = Release|Any CPU
		{4D3C0B00-F5BD-4D05-ABB6-77723EED8B8E}.Release|Any CPU.Build.0 = Release|Any CPU
	EndGlobalSection
EndGlobal
